// !$*UTF8*$!
{
	archiveVersion = 1;
	classes = {
	};
	objectVersion = 55;
	objects = {

/* Begin PBXBuildFile section */
		B5B4D14E2778ADDD00340F80 /* AppDelegate.swift in Sources */ = {isa = PBXBuildFile; fileRef = B5B4D14D2778ADDD00340F80 /* AppDelegate.swift */; };
		B5B4D1502778ADDD00340F80 /* SceneDelegate.swift in Sources */ = {isa = PBXBuildFile; fileRef = B5B4D14F2778ADDD00340F80 /* SceneDelegate.swift */; };
		B5B4D1552778ADDD00340F80 /* Main.storyboard in Resources */ = {isa = PBXBuildFile; fileRef = B5B4D1532778ADDD00340F80 /* Main.storyboard */; };
		B5B4D1572778ADDF00340F80 /* Assets.xcassets in Resources */ = {isa = PBXBuildFile; fileRef = B5B4D1562778ADDF00340F80 /* Assets.xcassets */; };
		B5B4D15A2778ADDF00340F80 /* LaunchScreen.storyboard in Resources */ = {isa = PBXBuildFile; fileRef = B5B4D1582778ADDF00340F80 /* LaunchScreen.storyboard */; };
		B5B4D1652778ADDF00340F80 /* BinaryCounterTests.swift in Sources */ = {isa = PBXBuildFile; fileRef = B5B4D1642778ADDF00340F80 /* BinaryCounterTests.swift */; };
		B5B4D16F2778ADDF00340F80 /* BinaryCounterUITests.swift in Sources */ = {isa = PBXBuildFile; fileRef = B5B4D16E2778ADDF00340F80 /* BinaryCounterUITests.swift */; };
		B5B4D1712778ADDF00340F80 /* BinaryCounterUITestsLaunchTests.swift in Sources */ = {isa = PBXBuildFile; fileRef = B5B4D1702778ADDF00340F80 /* BinaryCounterUITestsLaunchTests.swift */; };
		B5B4D1802778AF1D00340F80 /* NumbersListViewController.swift in Sources */ = {isa = PBXBuildFile; fileRef = B5B4D17F2778AF1D00340F80 /* NumbersListViewController.swift */; };
		B5B4D1822778B19600340F80 /* NumberCell.swift in Sources */ = {isa = PBXBuildFile; fileRef = B5B4D1812778B19600340F80 /* NumberCell.swift */; };
		B5B4D1842778B27D00340F80 /* NumberCellDelegate.swift in Sources */ = {isa = PBXBuildFile; fileRef = B5B4D1832778B27D00340F80 /* NumberCellDelegate.swift */; };
/* End PBXBuildFile section */

/* Begin PBXContainerItemProxy section */
		B5B4D1612778ADDF00340F80 /* PBXContainerItemProxy */ = {
			isa = PBXContainerItemProxy;
			containerPortal = B5B4D1422778ADDD00340F80 /* Project object */;
			proxyType = 1;
			remoteGlobalIDString = B5B4D1492778ADDD00340F80;
			remoteInfo = BinaryCounter;
		};
		B5B4D16B2778ADDF00340F80 /* PBXContainerItemProxy */ = {
			isa = PBXContainerItemProxy;
			containerPortal = B5B4D1422778ADDD00340F80 /* Project object */;
			proxyType = 1;
			remoteGlobalIDString = B5B4D1492778ADDD00340F80;
			remoteInfo = BinaryCounter;
		};
/* End PBXContainerItemProxy section */

/* Begin PBXFileReference section */
		B5B4D14A2778ADDD00340F80 /* BinaryCounter.app */ = {isa = PBXFileReference; explicitFileType = wrapper.application; includeInIndex = 0; path = BinaryCounter.app; sourceTree = BUILT_PRODUCTS_DIR; };
		B5B4D14D2778ADDD00340F80 /* AppDelegate.swift */ = {isa = PBXFileReference; lastKnownFileType = sourcecode.swift; path = AppDelegate.swift; sourceTree = "<group>"; };
		B5B4D14F2778ADDD00340F80 /* SceneDelegate.swift */ = {isa = PBXFileReference; lastKnownFileType = sourcecode.swift; path = SceneDelegate.swift; sourceTree = "<group>"; };
		B5B4D1542778ADDD00340F80 /* Base */ = {isa = PBXFileReference; lastKnownFileType = file.storyboard; name = Base; path = Base.lproj/Main.storyboard; sourceTree = "<group>"; };
		B5B4D1562778ADDF00340F80 /* Assets.xcassets */ = {isa = PBXFileReference; lastKnownFileType = folder.assetcatalog; path = Assets.xcassets; sourceTree = "<group>"; };
		B5B4D1592778ADDF00340F80 /* Base */ = {isa = PBXFileReference; lastKnownFileType = file.storyboard; name = Base; path = Base.lproj/LaunchScreen.storyboard; sourceTree = "<group>"; };
		B5B4D15B2778ADDF00340F80 /* Info.plist */ = {isa = PBXFileReference; lastKnownFileType = text.plist.xml; path = Info.plist; sourceTree = "<group>"; };
		B5B4D1602778ADDF00340F80 /* BinaryCounterTests.xctest */ = {isa = PBXFileReference; explicitFileType = wrapper.cfbundle; includeInIndex = 0; path = BinaryCounterTests.xctest; sourceTree = BUILT_PRODUCTS_DIR; };
		B5B4D1642778ADDF00340F80 /* BinaryCounterTests.swift */ = {isa = PBXFileReference; lastKnownFileType = sourcecode.swift; path = BinaryCounterTests.swift; sourceTree = "<group>"; };
		B5B4D16A2778ADDF00340F80 /* BinaryCounterUITests.xctest */ = {isa = PBXFileReference; explicitFileType = wrapper.cfbundle; includeInIndex = 0; path = BinaryCounterUITests.xctest; sourceTree = BUILT_PRODUCTS_DIR; };
		B5B4D16E2778ADDF00340F80 /* BinaryCounterUITests.swift */ = {isa = PBXFileReference; lastKnownFileType = sourcecode.swift; path = BinaryCounterUITests.swift; sourceTree = "<group>"; };
		B5B4D1702778ADDF00340F80 /* BinaryCounterUITestsLaunchTests.swift */ = {isa = PBXFileReference; lastKnownFileType = sourcecode.swift; path = BinaryCounterUITestsLaunchTests.swift; sourceTree = "<group>"; };
		B5B4D17F2778AF1D00340F80 /* NumbersListViewController.swift */ = {isa = PBXFileReference; lastKnownFileType = sourcecode.swift; path = NumbersListViewController.swift; sourceTree = "<group>"; };
		B5B4D1812778B19600340F80 /* NumberCell.swift */ = {isa = PBXFileReference; lastKnownFileType = sourcecode.swift; path = NumberCell.swift; sourceTree = "<group>"; };
		B5B4D1832778B27D00340F80 /* NumberCellDelegate.swift */ = {isa = PBXFileReference; lastKnownFileType = sourcecode.swift; path = NumberCellDelegate.swift; sourceTree = "<group>"; };
/* End PBXFileReference section */

/* Begin PBXFrameworksBuildPhase section */
		B5B4D1472778ADDD00340F80 /* Frameworks */ = {
			isa = PBXFrameworksBuildPhase;
			buildActionMask = 2147483647;
			files = (
			);
			runOnlyForDeploymentPostprocessing = 0;
		};
		B5B4D15D2778ADDF00340F80 /* Frameworks */ = {
			isa = PBXFrameworksBuildPhase;
			buildActionMask = 2147483647;
			files = (
			);
			runOnlyForDeploymentPostprocessing = 0;
		};
		B5B4D1672778ADDF00340F80 /* Frameworks */ = {
			isa = PBXFrameworksBuildPhase;
			buildActionMask = 2147483647;
			files = (
			);
			runOnlyForDeploymentPostprocessing = 0;
		};
/* End PBXFrameworksBuildPhase section */

/* Begin PBXGroup section */
		B5B4D1412778ADDD00340F80 = {
			isa = PBXGroup;
			children = (
				B5B4D14C2778ADDD00340F80 /* BinaryCounter */,
				B5B4D1632778ADDF00340F80 /* BinaryCounterTests */,
				B5B4D16D2778ADDF00340F80 /* BinaryCounterUITests */,
				B5B4D14B2778ADDD00340F80 /* Products */,
			);
			sourceTree = "<group>";
		};
		B5B4D14B2778ADDD00340F80 /* Products */ = {
			isa = PBXGroup;
			children = (
				B5B4D14A2778ADDD00340F80 /* BinaryCounter.app */,
				B5B4D1602778ADDF00340F80 /* BinaryCounterTests.xctest */,
				B5B4D16A2778ADDF00340F80 /* BinaryCounterUITests.xctest */,
			);
			name = Products;
			sourceTree = "<group>";
		};
		B5B4D14C2778ADDD00340F80 /* BinaryCounter */ = {
			isa = PBXGroup;
			children = (
				B5B4D14D2778ADDD00340F80 /* AppDelegate.swift */,
				B5B4D14F2778ADDD00340F80 /* SceneDelegate.swift */,
				B5B4D1532778ADDD00340F80 /* Main.storyboard */,
				B5B4D1562778ADDF00340F80 /* Assets.xcassets */,
				B5B4D1582778ADDF00340F80 /* LaunchScreen.storyboard */,
				B5B4D15B2778ADDF00340F80 /* Info.plist */,
				B5B4D17F2778AF1D00340F80 /* NumbersListViewController.swift */,
				B5B4D1812778B19600340F80 /* NumberCell.swift */,
				B5B4D1832778B27D00340F80 /* NumberCellDelegate.swift */,
			);
			path = BinaryCounter;
			sourceTree = "<group>";
		};
		B5B4D1632778ADDF00340F80 /* BinaryCounterTests */ = {
			isa = PBXGroup;
			children = (
				B5B4D1642778ADDF00340F80 /* BinaryCounterTests.swift */,
			);
			path = BinaryCounterTests;
			sourceTree = "<group>";
		};
		B5B4D16D2778ADDF00340F80 /* BinaryCounterUITests */ = {
			isa = PBXGroup;
			children = (
				B5B4D16E2778ADDF00340F80 /* BinaryCounterUITests.swift */,
				B5B4D1702778ADDF00340F80 /* BinaryCounterUITestsLaunchTests.swift */,
			);
			path = BinaryCounterUITests;
			sourceTree = "<group>";
		};
/* End PBXGroup section */

/* Begin PBXNativeTarget section */
		B5B4D1492778ADDD00340F80 /* BinaryCounter */ = {
			isa = PBXNativeTarget;
			buildConfigurationList = B5B4D1742778ADDF00340F80 /* Build configuration list for PBXNativeTarget "BinaryCounter" */;
			buildPhases = (
				B5B4D1462778ADDD00340F80 /* Sources */,
				B5B4D1472778ADDD00340F80 /* Frameworks */,
				B5B4D1482778ADDD00340F80 /* Resources */,
			);
			buildRules = (
			);
			dependencies = (
			);
			name = BinaryCounter;
			productName = BinaryCounter;
			productReference = B5B4D14A2778ADDD00340F80 /* BinaryCounter.app */;
			productType = "com.apple.product-type.application";
		};
		B5B4D15F2778ADDF00340F80 /* BinaryCounterTests */ = {
			isa = PBXNativeTarget;
			buildConfigurationList = B5B4D1772778ADDF00340F80 /* Build configuration list for PBXNativeTarget "BinaryCounterTests" */;
			buildPhases = (
				B5B4D15C2778ADDF00340F80 /* Sources */,
				B5B4D15D2778ADDF00340F80 /* Frameworks */,
				B5B4D15E2778ADDF00340F80 /* Resources */,
			);
			buildRules = (
			);
			dependencies = (
				B5B4D1622778ADDF00340F80 /* PBXTargetDependency */,
			);
			name = BinaryCounterTests;
			productName = BinaryCounterTests;
			productReference = B5B4D1602778ADDF00340F80 /* BinaryCounterTests.xctest */;
			productType = "com.apple.product-type.bundle.unit-test";
		};
		B5B4D1692778ADDF00340F80 /* BinaryCounterUITests */ = {
			isa = PBXNativeTarget;
			buildConfigurationList = B5B4D17A2778ADDF00340F80 /* Build configuration list for PBXNativeTarget "BinaryCounterUITests" */;
			buildPhases = (
				B5B4D1662778ADDF00340F80 /* Sources */,
				B5B4D1672778ADDF00340F80 /* Frameworks */,
				B5B4D1682778ADDF00340F80 /* Resources */,
			);
			buildRules = (
			);
			dependencies = (
				B5B4D16C2778ADDF00340F80 /* PBXTargetDependency */,
			);
			name = BinaryCounterUITests;
			productName = BinaryCounterUITests;
			productReference = B5B4D16A2778ADDF00340F80 /* BinaryCounterUITests.xctest */;
			productType = "com.apple.product-type.bundle.ui-testing";
		};
/* End PBXNativeTarget section */

/* Begin PBXProject section */
		B5B4D1422778ADDD00340F80 /* Project object */ = {
			isa = PBXProject;
			attributes = {
				BuildIndependentTargetsInParallel = 1;
				LastSwiftUpdateCheck = 1310;
				LastUpgradeCheck = 1310;
				TargetAttributes = {
					B5B4D1492778ADDD00340F80 = {
						CreatedOnToolsVersion = 13.1;
					};
					B5B4D15F2778ADDF00340F80 = {
						CreatedOnToolsVersion = 13.1;
						TestTargetID = B5B4D1492778ADDD00340F80;
					};
					B5B4D1692778ADDF00340F80 = {
						CreatedOnToolsVersion = 13.1;
						TestTargetID = B5B4D1492778ADDD00340F80;
					};
				};
			};
			buildConfigurationList = B5B4D1452778ADDD00340F80 /* Build configuration list for PBXProject "BinaryCounter" */;
			compatibilityVersion = "Xcode 13.0";
			developmentRegion = en;
			hasScannedForEncodings = 0;
			knownRegions = (
				en,
				Base,
			);
			mainGroup = B5B4D1412778ADDD00340F80;
			productRefGroup = B5B4D14B2778ADDD00340F80 /* Products */;
			projectDirPath = "";
			projectRoot = "";
			targets = (
				B5B4D1492778ADDD00340F80 /* BinaryCounter */,
				B5B4D15F2778ADDF00340F80 /* BinaryCounterTests */,
				B5B4D1692778ADDF00340F80 /* BinaryCounterUITests */,
			);
		};
/* End PBXProject section */

/* Begin PBXResourcesBuildPhase section */
		B5B4D1482778ADDD00340F80 /* Resources */ = {
			isa = PBXResourcesBuildPhase;
			buildActionMask = 2147483647;
			files = (
				B5B4D15A2778ADDF00340F80 /* LaunchScreen.storyboard in Resources */,
				B5B4D1572778ADDF00340F80 /* Assets.xcassets in Resources */,
				B5B4D1552778ADDD00340F80 /* Main.storyboard in Resources */,
			);
			runOnlyForDeploymentPostprocessing = 0;
		};
		B5B4D15E2778ADDF00340F80 /* Resources */ = {
			isa = PBXResourcesBuildPhase;
			buildActionMask = 2147483647;
			files = (
			);
			runOnlyForDeploymentPostprocessing = 0;
		};
		B5B4D1682778ADDF00340F80 /* Resources */ = {
			isa = PBXResourcesBuildPhase;
			buildActionMask = 2147483647;
			files = (
			);
			runOnlyForDeploymentPostprocessing = 0;
		};
/* End PBXResourcesBuildPhase section */

/* Begin PBXSourcesBuildPhase section */
		B5B4D1462778ADDD00340F80 /* Sources */ = {
			isa = PBXSourcesBuildPhase;
			buildActionMask = 2147483647;
			files = (
				B5B4D1842778B27D00340F80 /* NumberCellDelegate.swift in Sources */,
				B5B4D1822778B19600340F80 /* NumberCell.swift in Sources */,
				B5B4D14E2778ADDD00340F80 /* AppDelegate.swift in Sources */,
				B5B4D1502778ADDD00340F80 /* SceneDelegate.swift in Sources */,
				B5B4D1802778AF1D00340F80 /* NumbersListViewController.swift in Sources */,
			);
			runOnlyForDeploymentPostprocessing = 0;
		};
		B5B4D15C2778ADDF00340F80 /* Sources */ = {
			isa = PBXSourcesBuildPhase;
			buildActionMask = 2147483647;
			files = (
				B5B4D1652778ADDF00340F80 /* BinaryCounterTests.swift in Sources */,
			);
			runOnlyForDeploymentPostprocessing = 0;
		};
		B5B4D1662778ADDF00340F80 /* Sources */ = {
			isa = PBXSourcesBuildPhase;
			buildActionMask = 2147483647;
			files = (
				B5B4D1712778ADDF00340F80 /* BinaryCounterUITestsLaunchTests.swift in Sources */,
				B5B4D16F2778ADDF00340F80 /* BinaryCounterUITests.swift in Sources */,
			);
			runOnlyForDeploymentPostprocessing = 0;
		};
/* End PBXSourcesBuildPhase section */

/* Begin PBXTargetDependency section */
		B5B4D1622778ADDF00340F80 /* PBXTargetDependency */ = {
			isa = PBXTargetDependency;
			target = B5B4D1492778ADDD00340F80 /* BinaryCounter */;
			targetProxy = B5B4D1612778ADDF00340F80 /* PBXContainerItemProxy */;
		};
		B5B4D16C2778ADDF00340F80 /* PBXTargetDependency */ = {
			isa = PBXTargetDependency;
			target = B5B4D1492778ADDD00340F80 /* BinaryCounter */;
			targetProxy = B5B4D16B2778ADDF00340F80 /* PBXContainerItemProxy */;
		};
/* End PBXTargetDependency section */

/* Begin PBXVariantGroup section */
		B5B4D1532778ADDD00340F80 /* Main.storyboard */ = {
			isa = PBXVariantGroup;
			children = (
				B5B4D1542778ADDD00340F80 /* Base */,
			);
			name = Main.storyboard;
			sourceTree = "<group>";
		};
		B5B4D1582778ADDF00340F80 /* LaunchScreen.storyboard */ = {
			isa = PBXVariantGroup;
			children = (
				B5B4D1592778ADDF00340F80 /* Base */,
			);
			name = LaunchScreen.storyboard;
			sourceTree = "<group>";
		};
/* End PBXVariantGroup section */

/* Begin XCBuildConfiguration section */
		B5B4D1722778ADDF00340F80 /* Debug */ = {
			isa = XCBuildConfiguration;
			buildSettings = {
				ALWAYS_SEARCH_USER_PATHS = NO;
				CLANG_ANALYZER_NONNULL = YES;
				CLANG_ANALYZER_NUMBER_OBJECT_CONVERSION = YES_AGGRESSIVE;
				CLANG_CXX_LANGUAGE_STANDARD = "gnu++17";
				CLANG_CXX_LIBRARY = "libc++";
				CLANG_ENABLE_MODULES = YES;
				CLANG_ENABLE_OBJC_ARC = YES;
				CLANG_ENABLE_OBJC_WEAK = YES;
				CLANG_WARN_BLOCK_CAPTURE_AUTORELEASING = YES;
				CLANG_WARN_BOOL_CONVERSION = YES;
				CLANG_WARN_COMMA = YES;
				CLANG_WARN_CONSTANT_CONVERSION = YES;
				CLANG_WARN_DEPRECATED_OBJC_IMPLEMENTATIONS = YES;
				CLANG_WARN_DIRECT_OBJC_ISA_USAGE = YES_ERROR;
				CLANG_WARN_DOCUMENTATION_COMMENTS = YES;
				CLANG_WARN_EMPTY_BODY = YES;
				CLANG_WARN_ENUM_CONVERSION = YES;
				CLANG_WARN_INFINITE_RECURSION = YES;
				CLANG_WARN_INT_CONVERSION = YES;
				CLANG_WARN_NON_LITERAL_NULL_CONVERSION = YES;
				CLANG_WARN_OBJC_IMPLICIT_RETAIN_SELF = YES;
				CLANG_WARN_OBJC_LITERAL_CONVERSION = YES;
				CLANG_WARN_OBJC_ROOT_CLASS = YES_ERROR;
				CLANG_WARN_QUOTED_INCLUDE_IN_FRAMEWORK_HEADER = YES;
				CLANG_WARN_RANGE_LOOP_ANALYSIS = YES;
				CLANG_WARN_STRICT_PROTOTYPES = YES;
				CLANG_WARN_SUSPICIOUS_MOVE = YES;
				CLANG_WARN_UNGUARDED_AVAILABILITY = YES_AGGRESSIVE;
				CLANG_WARN_UNREACHABLE_CODE = YES;
				CLANG_WARN__DUPLICATE_METHOD_MATCH = YES;
				COPY_PHASE_STRIP = NO;
				DEBUG_INFORMATION_FORMAT = dwarf;
				ENABLE_STRICT_OBJC_MSGSEND = YES;
				ENABLE_TESTABILITY = YES;
				GCC_C_LANGUAGE_STANDARD = gnu11;
				GCC_DYNAMIC_NO_PIC = NO;
				GCC_NO_COMMON_BLOCKS = YES;
				GCC_OPTIMIZATION_LEVEL = 0;
				GCC_PREPROCESSOR_DEFINITIONS = (
					"DEBUG=1",
					"$(inherited)",
				);
				GCC_WARN_64_TO_32_BIT_CONVERSION = YES;
				GCC_WARN_ABOUT_RETURN_TYPE = YES_ERROR;
				GCC_WARN_UNDECLARED_SELECTOR = YES;
				GCC_WARN_UNINITIALIZED_AUTOS = YES_AGGRESSIVE;
				GCC_WARN_UNUSED_FUNCTION = YES;
				GCC_WARN_UNUSED_VARIABLE = YES;
				IPHONEOS_DEPLOYMENT_TARGET = 15.0;
				MTL_ENABLE_DEBUG_INFO = INCLUDE_SOURCE;
				MTL_FAST_MATH = YES;
				ONLY_ACTIVE_ARCH = YES;
				SDKROOT = iphoneos;
				SWIFT_ACTIVE_COMPILATION_CONDITIONS = DEBUG;
				SWIFT_OPTIMIZATION_LEVEL = "-Onone";
			};
			name = Debug;
		};
		B5B4D1732778ADDF00340F80 /* Release */ = {
			isa = XCBuildConfiguration;
			buildSettings = {
				ALWAYS_SEARCH_USER_PATHS = NO;
				CLANG_ANALYZER_NONNULL = YES;
				CLANG_ANALYZER_NUMBER_OBJECT_CONVERSION = YES_AGGRESSIVE;
				CLANG_CXX_LANGUAGE_STANDARD = "gnu++17";
				CLANG_CXX_LIBRARY = "libc++";
				CLANG_ENABLE_MODULES = YES;
				CLANG_ENABLE_OBJC_ARC = YES;
				CLANG_ENABLE_OBJC_WEAK = YES;
				CLANG_WARN_BLOCK_CAPTURE_AUTORELEASING = YES;
				CLANG_WARN_BOOL_CONVERSION = YES;
				CLANG_WARN_COMMA = YES;
				CLANG_WARN_CONSTANT_CONVERSION = YES;
				CLANG_WARN_DEPRECATED_OBJC_IMPLEMENTATIONS = YES;
				CLANG_WARN_DIRECT_OBJC_ISA_USAGE = YES_ERROR;
				CLANG_WARN_DOCUMENTATION_COMMENTS = YES;
				CLANG_WARN_EMPTY_BODY = YES;
				CLANG_WARN_ENUM_CONVERSION = YES;
				CLANG_WARN_INFINITE_RECURSION = YES;
				CLANG_WARN_INT_CONVERSION = YES;
				CLANG_WARN_NON_LITERAL_NULL_CONVERSION = YES;
				CLANG_WARN_OBJC_IMPLICIT_RETAIN_SELF = YES;
				CLANG_WARN_OBJC_LITERAL_CONVERSION = YES;
				CLANG_WARN_OBJC_ROOT_CLASS = YES_ERROR;
				CLANG_WARN_QUOTED_INCLUDE_IN_FRAMEWORK_HEADER = YES;
				CLANG_WARN_RANGE_LOOP_ANALYSIS = YES;
				CLANG_WARN_STRICT_PROTOTYPES = YES;
				CLANG_WARN_SUSPICIOUS_MOVE = YES;
				CLANG_WARN_UNGUARDED_AVAILABILITY = YES_AGGRESSIVE;
				CLANG_WARN_UNREACHABLE_CODE = YES;
				CLANG_WARN__DUPLICATE_METHOD_MATCH = YES;
				COPY_PHASE_STRIP = NO;
				DEBUG_INFORMATION_FORMAT = "dwarf-with-dsym";
				ENABLE_NS_ASSERTIONS = NO;
				ENABLE_STRICT_OBJC_MSGSEND = YES;
				GCC_C_LANGUAGE_STANDARD = gnu11;
				GCC_NO_COMMON_BLOCKS = YES;
				GCC_WARN_64_TO_32_BIT_CONVERSION = YES;
				GCC_WARN_ABOUT_RETURN_TYPE = YES_ERROR;
				GCC_WARN_UNDECLARED_SELECTOR = YES;
				GCC_WARN_UNINITIALIZED_AUTOS = YES_AGGRESSIVE;
				GCC_WARN_UNUSED_FUNCTION = YES;
				GCC_WARN_UNUSED_VARIABLE = YES;
				IPHONEOS_DEPLOYMENT_TARGET = 15.0;
				MTL_ENABLE_DEBUG_INFO = NO;
				MTL_FAST_MATH = YES;
				SDKROOT = iphoneos;
				SWIFT_COMPILATION_MODE = wholemodule;
				SWIFT_OPTIMIZATION_LEVEL = "-O";
				VALIDATE_PRODUCT = YES;
			};
			name = Release;
		};
		B5B4D1752778ADDF00340F80 /* Debug */ = {
			isa = XCBuildConfiguration;
			buildSettings = {
				ASSETCATALOG_COMPILER_APPICON_NAME = AppIcon;
				ASSETCATALOG_COMPILER_GLOBAL_ACCENT_COLOR_NAME = AccentColor;
				CODE_SIGN_STYLE = Automatic;
				CURRENT_PROJECT_VERSION = 1;
				DEVELOPMENT_TEAM = A2XFY4CAYY;
				GENERATE_INFOPLIST_FILE = YES;
				INFOPLIST_FILE = BinaryCounter/Info.plist;
				INFOPLIST_KEY_UIApplicationSupportsIndirectInputEvents = YES;
				INFOPLIST_KEY_UILaunchStoryboardName = LaunchScreen;
				INFOPLIST_KEY_UIMainStoryboardFile = Main;
				INFOPLIST_KEY_UISupportedInterfaceOrientations_iPad = "UIInterfaceOrientationPortrait UIInterfaceOrientationPortraitUpsideDown UIInterfaceOrientationLandscapeLeft UIInterfaceOrientationLandscapeRight";
				INFOPLIST_KEY_UISupportedInterfaceOrientations_iPhone = "UIInterfaceOrientationPortrait UIInterfaceOrientationLandscapeLeft UIInterfaceOrientationLandscapeRight";
				LD_RUNPATH_SEARCH_PATHS = (
					"$(inherited)",
					"@executable_path/Frameworks",
				);
				MARKETING_VERSION = 1.0;
				PRODUCT_BUNDLE_IDENTIFIER = com.Najed.BinaryCounter;
				PRODUCT_NAME = "$(TARGET_NAME)";
				SWIFT_EMIT_LOC_STRINGS = YES;
				SWIFT_VERSION = 5.0;
				TARGETED_DEVICE_FAMILY = "1,2";
			};
			name = Debug;
		};
		B5B4D1762778ADDF00340F80 /* Release */ = {
			isa = XCBuildConfiguration;
			buildSettings = {
				ASSETCATALOG_COMPILER_APPICON_NAME = AppIcon;
				ASSETCATALOG_COMPILER_GLOBAL_ACCENT_COLOR_NAME = AccentColor;
				CODE_SIGN_STYLE = Automatic;
				CURRENT_PROJECT_VERSION = 1;
				DEVELOPMENT_TEAM = A2XFY4CAYY;
				GENERATE_INFOPLIST_FILE = YES;
				INFOPLIST_FILE = BinaryCounter/Info.plist;
				INFOPLIST_KEY_UIApplicationSupportsIndirectInputEvents = YES;
				INFOPLIST_KEY_UILaunchStoryboardName = LaunchScreen;
				INFOPLIST_KEY_UIMainStoryboardFile = Main;
				INFOPLIST_KEY_UISupportedInterfaceOrientations_iPad = "UIInterfaceOrientationPortrait UIInterfaceOrientationPortraitUpsideDown UIInterfaceOrientationLandscapeLeft UIInterfaceOrientationLandscapeRight";
				INFOPLIST_KEY_UISupportedInterfaceOrientations_iPhone = "UIInterfaceOrientationPortrait UIInterfaceOrientationLandscapeLeft UIInterfaceOrientationLandscapeRight";
				LD_RUNPATH_SEARCH_PATHS = (
					"$(inherited)",
					"@executable_path/Frameworks",
				);
				MARKETING_VERSION = 1.0;
				PRODUCT_BUNDLE_IDENTIFIER = com.Najed.BinaryCounter;
				PRODUCT_NAME = "$(TARGET_NAME)";
				SWIFT_EMIT_LOC_STRINGS = YES;
				SWIFT_VERSION = 5.0;
				TARGETED_DEVICE_FAMILY = "1,2";
			};
			name = Release;
		};
		B5B4D1782778ADDF00340F80 /* Debug */ = {
			isa = XCBuildConfiguration;
			buildSettings = {
				ALWAYS_EMBED_SWIFT_STANDARD_LIBRARIES = YES;
				BUNDLE_LOADER = "$(TEST_HOST)";
				CODE_SIGN_STYLE = Automatic;
				CURRENT_PROJECT_VERSION = 1;
				DEVELOPMENT_TEAM = A2XFY4CAYY;
				GENERATE_INFOPLIST_FILE = YES;
				IPHONEOS_DEPLOYMENT_TARGET = 15.0;
				LD_RUNPATH_SEARCH_PATHS = (
					"$(inherited)",
					"@executable_path/Frameworks",
					"@loader_path/Frameworks",
				);
				MARKETING_VERSION = 1.0;
				PRODUCT_BUNDLE_IDENTIFIER = com.Najed.BinaryCounterTests;
				PRODUCT_NAME = "$(TARGET_NAME)";
				SWIFT_EMIT_LOC_STRINGS = NO;
				SWIFT_VERSION = 5.0;
				TARGETED_DEVICE_FAMILY = "1,2";
				TEST_HOST = "$(BUILT_PRODUCTS_DIR)/BinaryCounter.app/BinaryCounter";
			};
			name = Debug;
		};
		B5B4D1792778ADDF00340F80 /* Release */ = {
			isa = XCBuildConfiguration;
			buildSettings = {
				ALWAYS_EMBED_SWIFT_STANDARD_LIBRARIES = YES;
				BUNDLE_LOADER = "$(TEST_HOST)";
				CODE_SIGN_STYLE = Automatic;
				CURRENT_PROJECT_VERSION = 1;
				DEVELOPMENT_TEAM = A2XFY4CAYY;
				GENERATE_INFOPLIST_FILE = YES;
				IPHONEOS_DEPLOYMENT_TARGET = 15.0;
				LD_RUNPATH_SEARCH_PATHS = (
					"$(inherited)",
					"@executable_path/Frameworks",
					"@loader_path/Frameworks",
				);
				MARKETING_VERSION = 1.0;
				PRODUCT_BUNDLE_IDENTIFIER = com.Najed.BinaryCounterTests;
				PRODUCT_NAME = "$(TARGET_NAME)";
				SWIFT_EMIT_LOC_STRINGS = NO;
				SWIFT_VERSION = 5.0;
				TARGETED_DEVICE_FAMILY = "1,2";
				TEST_HOST = "$(BUILT_PRODUCTS_DIR)/BinaryCounter.app/BinaryCounter";
			};
			name = Release;
		};
		B5B4D17B2778ADDF00340F80 /* Debug */ = {
			isa = XCBuildConfiguration;
			buildSettings = {
				ALWAYS_EMBED_SWIFT_STANDARD_LIBRARIES = YES;
				CODE_SIGN_STYLE = Automatic;
				CURRENT_PROJECT_VERSION = 1;
				DEVELOPMENT_TEAM = A2XFY4CAYY;
				GENERATE_INFOPLIST_FILE = YES;
				LD_RUNPATH_SEARCH_PATHS = (
					"$(inherited)",
					"@executable_path/Frameworks",
					"@loader_path/Frameworks",
				);
				MARKETING_VERSION = 1.0;
				PRODUCT_BUNDLE_IDENTIFIER = com.Najed.BinaryCounterUITests;
				PRODUCT_NAME = "$(TARGET_NAME)";
				SWIFT_EMIT_LOC_STRINGS = NO;
				SWIFT_VERSION = 5.0;
				TARGETED_DEVICE_FAMILY = "1,2";
				TEST_TARGET_NAME = BinaryCounter;
			};
			name = Debug;
		};
		B5B4D17C2778ADDF00340F80 /* Release */ = {
			isa = XCBuildConfiguration;
			buildSettings = {
				ALWAYS_EMBED_SWIFT_STANDARD_LIBRARIES = YES;
				CODE_SIGN_STYLE = Automatic;
				CURRENT_PROJECT_VERSION = 1;
				DEVELOPMENT_TEAM = A2XFY4CAYY;
				GENERATE_INFOPLIST_FILE = YES;
				LD_RUNPATH_SEARCH_PATHS = (
					"$(inherited)",
					"@executable_path/Frameworks",
					"@loader_path/Frameworks",
				);
				MARKETING_VERSION = 1.0;
				PRODUCT_BUNDLE_IDENTIFIER = com.Najed.BinaryCounterUITests;
				PRODUCT_NAME = "$(TARGET_NAME)";
				SWIFT_EMIT_LOC_STRINGS = NO;
				SWIFT_VERSION = 5.0;
				TARGETED_DEVICE_FAMILY = "1,2";
				TEST_TARGET_NAME = BinaryCounter;
			};
			name = Release;
		};
/* End XCBuildConfiguration section */

/* Begin XCConfigurationList section */
		B5B4D1452778ADDD00340F80 /* Build configuration list for PBXProject "BinaryCounter" */ = {
			isa = XCConfigurationList;
			buildConfigurations = (
				B5B4D1722778ADDF00340F80 /* Debug */,
				B5B4D1732778ADDF00340F80 /* Release */,
			);
			defaultConfigurationIsVisible = 0;
			defaultConfigurationName = Release;
		};
		B5B4D1742778ADDF00340F80 /* Build configuration list for PBXNativeTarget "BinaryCounter" */ = {
			isa = XCConfigurationList;
			buildConfigurations = (
				B5B4D1752778ADDF00340F80 /* Debug */,
				B5B4D1762778ADDF00340F80 /* Release */,
			);
			defaultConfigurationIsVisible = 0;
			defaultConfigurationName = Release;
		};
		B5B4D1772778ADDF00340F80 /* Build configuration list for PBXNativeTarget "BinaryCounterTests" */ = {
			isa = XCConfigurationList;
			buildConfigurations = (
				B5B4D1782778ADDF00340F80 /* Debug */,
				B5B4D1792778ADDF00340F80 /* Release */,
			);
			defaultConfigurationIsVisible = 0;
			defaultConfigurationName = Release;
		};
		B5B4D17A2778ADDF00340F80 /* Build configuration list for PBXNativeTarget "BinaryCounterUITests" */ = {
			isa = XCConfigurationList;
			buildConfigurations = (
				B5B4D17B2778ADDF00340F80 /* Debug */,
				B5B4D17C2778ADDF00340F80 /* Release */,
			);
			defaultConfigurationIsVisible = 0;
			defaultConfigurationName = Release;
		};
/* End XCConfigurationList section */
	};
	rootObject = B5B4D1422778ADDD00340F80 /* Project object */;
}
